
Microsoft Visual Studio Solution File, Format Version 12.00
# Visual Studio Version 18
VisualStudioVersion = 18.5.11723.231
MinimumVisualStudioVersion = 10.0.40219.1
Project("{FAE04EC0-301F-11D3-BF4B-00C04F79EFBC}") = "Acadimia.Infrastructure", "Acadimia.Infrastructure\Acadimia.Infrastructure.csproj", "{D4A8B81D-5693-44E4-B3F2-5D8EB280488E}"
EndProject
Project("{FAE04EC0-301F-11D3-BF4B-00C04F79EFBC}") = "Acadimia.Data", "Acadimia.Data\Acadimia.Data.csproj", "{E20E4251-7698-4940-B4CB-29F3344ABCF7}"
EndProject
Project("{FAE04EC0-301F-11D3-BF4B-00C04F79EFBC}") = "Acadimia.Api", "Acadimia.Api\Acadimia.Api.csproj", "{811F5A25-34A2-4102-B026-0DA778177F8E}"
EndProject
Project("{FAE04EC0-301F-11D3-BF4B-00C04F79EFBC}") = "Acadimia.Core", "Acadimia.Core\Acadimia.Core.csproj", "{017298C8-6001-48C3-B218-5CE4E6D28785}"
EndProject
Global
	GlobalSection(SolutionConfigurationPlatforms) = preSolution
		Debug|Any CPU = Debug|Any CPU
		Release|Any CPU = Release|Any CPU
	EndGlobalSection
	GlobalSection(ProjectConfigurationPlatforms) = postSolution
		{D4A8B81D-5693-44E4-B3F2-5D8EB280488E}.Debug|Any CPU.ActiveCfg = Debug|Any CPU
		{D4A8B81D-5693-44E4-B3F2-5D8EB280488E}.Debug|Any CPU.Build.0 = Debug|Any CPU
		{D4A8B81D-5693-44E4-B3F2-5D8EB280488E}.Release|Any CPU.ActiveCfg = Release|Any CPU
		{D4A8B81D-5693-44E4-B3F2-5D8EB280488E}.Release|Any CPU.Build.0 = Release|Any CPU
		{E20E4251-7698-4940-B4CB-29F3344ABCF7}.Debug|Any CPU.ActiveCfg = Debug|Any CPU
		{E20E4251-7698-4940-B4CB-29F3344ABCF7}.Debug|Any CPU.Build.0 = Debug|Any CPU
		{E20E4251-7698-4940-B4CB-29F3344ABCF7}.Release|Any CPU.ActiveCfg = Release|Any CPU
		{E20E4251-7698-4940-B4CB-29F3344ABCF7}.Release|Any CPU.Build.0 = Release|Any CPU
		{811F5A25-34A2-4102-B026-0DA778177F8E}.Debug|Any CPU.ActiveCfg = Debug|Any CPU
		{811F5A25-34A2-4102-B026-0DA778177F8E}.Debug|Any CPU.Build.0 = Debug|Any CPU
		{811F5A25-34A2-4102-B026-0DA778177F8E}.Release|Any CPU.ActiveCfg = Release|Any CPU
		{811F5A25-34A2-4102-B026-0DA778177F8E}.Release|Any CPU.Build.0 = Release|Any CPU
		{017298C8-6001-48C3-B218-5CE4E6D28785}.Debug|Any CPU.ActiveCfg = Debug|Any CPU
		{017298C8-6001-48C3-B218-5CE4E6D28785}.Debug|Any CPU.Build.0 = Debug|Any CPU
		{017298C8-6001-48C3-B218-5CE4E6D28785}.Release|Any CPU.ActiveCfg = Release|Any CPU
		{017298C8-6001-48C3-B218-5CE4E6D28785}.Release|Any CPU.Build.0 = Release|Any CPU
	EndGlobalSection
	GlobalSection(SolutionProperties) = preSolution
		HideSolutionNode = FALSE
	EndGlobalSection
	GlobalSection(ExtensibilityGlobals) = postSolution
		SolutionGuid = {02B4DB90-85CA-42A8-A92E-90CDD5793D7C}
	EndGlobalSection
EndGlobal
